// !$*UTF8*$!
{
	archiveVersion = 1;
	classes = {
	};
	objectVersion = 46;
	objects = {

/* Begin PBXBuildFile section */
		5CED690D1DA63EC9005D673F /* AppDelegate.swift in Sources */ = {isa = PBXBuildFile; fileRef = 5CED690C1DA63EC9005D673F /* AppDelegate.swift */; };
		5CED690F1DA63EC9005D673F /* ViewController.swift in Sources */ = {isa = PBXBuildFile; fileRef = 5CED690E1DA63EC9005D673F /* ViewController.swift */; };
		5CED69121DA63EC9005D673F /* Main.storyboard in Resources */ = {isa = PBXBuildFile; fileRef = 5CED69101DA63EC9005D673F /* Main.storyboard */; };
		5CED69141DA63EC9005D673F /* Assets.xcassets in Resources */ = {isa = PBXBuildFile; fileRef = 5CED69131DA63EC9005D673F /* Assets.xcassets */; };
		5CED69171DA63EC9005D673F /* LaunchScreen.storyboard in Resources */ = {isa = PBXBuildFile; fileRef = 5CED69151DA63EC9005D673F /* LaunchScreen.storyboard */; };
		5CED69221DA63EC9005D673F /* ytaodlsjhfTests.swift in Sources */ = {isa = PBXBuildFile; fileRef = 5CED69211DA63EC9005D673F /* ytaodlsjhfTests.swift */; };
		5CED692D1DA63EC9005D673F /* ytaodlsjhfUITests.swift in Sources */ = {isa = PBXBuildFile; fileRef = 5CED692C1DA63EC9005D673F /* ytaodlsjhfUITests.swift */; };
/* End PBXBuildFile section */

/* Begin PBXContainerItemProxy section */
		5CED691E1DA63EC9005D673F /* PBXContainerItemProxy */ = {
			isa = PBXContainerItemProxy;
			containerPortal = 5CED69011DA63EC9005D673F /* Project object */;
			proxyType = 1;
			remoteGlobalIDString = 5CED69081DA63EC9005D673F;
			remoteInfo = ytaodlsjhf;
		};
		5CED69291DA63EC9005D673F /* PBXContainerItemProxy */ = {
			isa = PBXContainerItemProxy;
			containerPortal = 5CED69011DA63EC9005D673F /* Project object */;
			proxyType = 1;
			remoteGlobalIDString = 5CED69081DA63EC9005D673F;
			remoteInfo = ytaodlsjhf;
		};
/* End PBXContainerItemProxy section */

/* Begin PBXFileReference section */
		5CED69091DA63EC9005D673F /* ytaodlsjhf.app */ = {isa = PBXFileReference; explicitFileType = wrapper.application; includeInIndex = 0; path = ytaodlsjhf.app; sourceTree = BUILT_PRODUCTS_DIR; };
		5CED690C1DA63EC9005D673F /* AppDelegate.swift */ = {isa = PBXFileReference; lastKnownFileType = sourcecode.swift; path = AppDelegate.swift; sourceTree = "<group>"; };
		5CED690E1DA63EC9005D673F /* ViewController.swift */ = {isa = PBXFileReference; lastKnownFileType = sourcecode.swift; path = ViewController.swift; sourceTree = "<group>"; };
		5CED69111DA63EC9005D673F /* Base */ = {isa = PBXFileReference; lastKnownFileType = file.storyboard; name = Base; path = Base.lproj/Main.storyboard; sourceTree = "<group>"; };
		5CED69131DA63EC9005D673F /* Assets.xcassets */ = {isa = PBXFileReference; lastKnownFileType = folder.assetcatalog; path = Assets.xcassets; sourceTree = "<group>"; };
		5CED69161DA63EC9005D673F /* Base */ = {isa = PBXFileReference; lastKnownFileType = file.storyboard; name = Base; path = Base.lproj/LaunchScreen.storyboard; sourceTree = "<group>"; };
		5CED69181DA63EC9005D673F /* Info.plist */ = {isa = PBXFileReference; lastKnownFileType = text.plist.xml; path = Info.plist; sourceTree = "<group>"; };
		5CED691D1DA63EC9005D673F /* ytaodlsjhfTests.xctest */ = {isa = PBXFileReference; explicitFileType = wrapper.cfbundle; includeInIndex = 0; path = ytaodlsjhfTests.xctest; sourceTree = BUILT_PRODUCTS_DIR; };
		5CED69211DA63EC9005D673F /* ytaodlsjhfTests.swift */ = {isa = PBXFileReference; lastKnownFileType = sourcecode.swift; path = ytaodlsjhfTests.swift; sourceTree = "<group>"; };
		5CED69231DA63EC9005D673F /* Info.plist */ = {isa = PBXFileReference; lastKnownFileType = text.plist.xml; path = Info.plist; sourceTree = "<group>"; };
		5CED69281DA63EC9005D673F /* ytaodlsjhfUITests.xctest */ = {isa = PBXFileReference; explicitFileType = wrapper.cfbundle; includeInIndex = 0; path = ytaodlsjhfUITests.xctest; sourceTree = BUILT_PRODUCTS_DIR; };
		5CED692C1DA63EC9005D673F /* ytaodlsjhfUITests.swift */ = {isa = PBXFileReference; lastKnownFileType = sourcecode.swift; path = ytaodlsjhfUITests.swift; sourceTree = "<group>"; };
		5CED692E1DA63EC9005D673F /* Info.plist */ = {isa = PBXFileReference; lastKnownFileType = text.plist.xml; path = Info.plist; sourceTree = "<group>"; };
/* End PBXFileReference section */

/* Begin PBXFrameworksBuildPhase section */
		5CED69061DA63EC9005D673F /* Frameworks */ = {
			isa = PBXFrameworksBuildPhase;
			buildActionMask = 2147483647;
			files = (
			);
			runOnlyForDeploymentPostprocessing = 0;
		};
		5CED691A1DA63EC9005D673F /* Frameworks */ = {
			isa = PBXFrameworksBuildPhase;
			buildActionMask = 2147483647;
			files = (
			);
			runOnlyForDeploymentPostprocessing = 0;
		};
		5CED69251DA63EC9005D673F /* Frameworks */ = {
			isa = PBXFrameworksBuildPhase;
			buildActionMask = 2147483647;
			files = (
			);
			runOnlyForDeploymentPostprocessing = 0;
		};
/* End PBXFrameworksBuildPhase section */

/* Begin PBXGroup section */
		5CED69001DA63EC9005D673F = {
			isa = PBXGroup;
			children = (
				5CED690B1DA63EC9005D673F /* ytaodlsjhf */,
				5CED69201DA63EC9005D673F /* ytaodlsjhfTests */,
				5CED692B1DA63EC9005D673F /* ytaodlsjhfUITests */,
				5CED690A1DA63EC9005D673F /* Products */,
			);
			sourceTree = "<group>";
		};
		5CED690A1DA63EC9005D673F /* Products */ = {
			isa = PBXGroup;
			children = (
				5CED69091DA63EC9005D673F /* ytaodlsjhf.app */,
				5CED691D1DA63EC9005D673F /* ytaodlsjhfTests.xctest */,
				5CED69281DA63EC9005D673F /* ytaodlsjhfUITests.xctest */,
			);
			name = Products;
			sourceTree = "<group>";
		};
		5CED690B1DA63EC9005D673F /* ytaodlsjhf */ = {
			isa = PBXGroup;
			children = (
				5CED690C1DA63EC9005D673F /* AppDelegate.swift */,
				5CED690E1DA63EC9005D673F /* ViewController.swift */,
				5CED69101DA63EC9005D673F /* Main.storyboard */,
				5CED69131DA63EC9005D673F /* Assets.xcassets */,
				5CED69151DA63EC9005D673F /* LaunchScreen.storyboard */,
				5CED69181DA63EC9005D673F /* Info.plist */,
			);
			path = ytaodlsjhf;
			sourceTree = "<group>";
		};
		5CED69201DA63EC9005D673F /* ytaodlsjhfTests */ = {
			isa = PBXGroup;
			children = (
				5CED69211DA63EC9005D673F /* ytaodlsjhfTests.swift */,
				5CED69231DA63EC9005D673F /* Info.plist */,
			);
			path = ytaodlsjhfTests;
			sourceTree = "<group>";
		};
		5CED692B1DA63EC9005D673F /* ytaodlsjhfUITests */ = {
			isa = PBXGroup;
			children = (
				5CED692C1DA63EC9005D673F /* ytaodlsjhfUITests.swift */,
				5CED692E1DA63EC9005D673F /* Info.plist */,
			);
			path = ytaodlsjhfUITests;
			sourceTree = "<group>";
		};
/* End PBXGroup section */

/* Begin PBXNativeTarget section */
		5CED69081DA63EC9005D673F /* ytaodlsjhf */ = {
			isa = PBXNativeTarget;
			buildConfigurationList = 5CED69311DA63EC9005D673F /* Build configuration list for PBXNativeTarget "ytaodlsjhf" */;
			buildPhases = (
				5CED69051DA63EC9005D673F /* Sources */,
				5CED69061DA63EC9005D673F /* Frameworks */,
				5CED69071DA63EC9005D673F /* Resources */,
			);
			buildRules = (
			);
			dependencies = (
			);
			name = ytaodlsjhf;
			productName = ytaodlsjhf;
			productReference = 5CED69091DA63EC9005D673F /* ytaodlsjhf.app */;
			productType = "com.apple.product-type.application";
		};
		5CED691C1DA63EC9005D673F /* ytaodlsjhfTests */ = {
			isa = PBXNativeTarget;
			buildConfigurationList = 5CED69341DA63EC9005D673F /* Build configuration list for PBXNativeTarget "ytaodlsjhfTests" */;
			buildPhases = (
				5CED69191DA63EC9005D673F /* Sources */,
				5CED691A1DA63EC9005D673F /* Frameworks */,
				5CED691B1DA63EC9005D673F /* Resources */,
			);
			buildRules = (
			);
			dependencies = (
				5CED691F1DA63EC9005D673F /* PBXTargetDependency */,
			);
			name = ytaodlsjhfTests;
			productName = ytaodlsjhfTests;
			productReference = 5CED691D1DA63EC9005D673F /* ytaodlsjhfTests.xctest */;
			productType = "com.apple.product-type.bundle.unit-test";
		};
		5CED69271DA63EC9005D673F /* ytaodlsjhfUITests */ = {
			isa = PBXNativeTarget;
			buildConfigurationList = 5CED69371DA63EC9005D673F /* Build configuration list for PBXNativeTarget "ytaodlsjhfUITests" */;
			buildPhases = (
				5CED69241DA63EC9005D673F /* Sources */,
				5CED69251DA63EC9005D673F /* Frameworks */,
				5CED69261DA63EC9005D673F /* Resources */,
			);
			buildRules = (
			);
			dependencies = (
				5CED692A1DA63EC9005D673F /* PBXTargetDependency */,
			);
			name = ytaodlsjhfUITests;
			productName = ytaodlsjhfUITests;
			productReference = 5CED69281DA63EC9005D673F /* ytaodlsjhfUITests.xctest */;
			productType = "com.apple.product-type.bundle.ui-testing";
		};
/* End PBXNativeTarget section */

/* Begin PBXProject section */
		5CED69011DA63EC9005D673F /* Project object */ = {
			isa = PBXProject;
			attributes = {
				LastSwiftUpdateCheck = 0800;
				LastUpgradeCheck = 0800;
				ORGANIZATIONNAME = Project;
				TargetAttributes = {
					5CED69081DA63EC9005D673F = {
						CreatedOnToolsVersion = 8.0;
						DevelopmentTeam = 67KARKTY8C;
						ProvisioningStyle = Automatic;
					};
					5CED691C1DA63EC9005D673F = {
						CreatedOnToolsVersion = 8.0;
						DevelopmentTeam = 67KARKTY8C;
						ProvisioningStyle = Automatic;
						TestTargetID = 5CED69081DA63EC9005D673F;
					};
					5CED69271DA63EC9005D673F = {
						CreatedOnToolsVersion = 8.0;
						DevelopmentTeam = 67KARKTY8C;
						ProvisioningStyle = Automatic;
						TestTargetID = 5CED69081DA63EC9005D673F;
					};
				};
			};
			buildConfigurationList = 5CED69041DA63EC9005D673F /* Build configuration list for PBXProject "ytaodlsjhf" */;
			compatibilityVersion = "Xcode 3.2";
			developmentRegion = English;
			hasScannedForEncodings = 0;
			knownRegions = (
				en,
				Base,
			);
			mainGroup = 5CED69001DA63EC9005D673F;
			productRefGroup = 5CED690A1DA63EC9005D673F /* Products */;
			projectDirPath = "";
			projectRoot = "";
			targets = (
				5CED69081DA63EC9005D673F /* ytaodlsjhf */,
				5CED691C1DA63EC9005D673F /* ytaodlsjhfTests */,
				5CED69271DA63EC9005D673F /* ytaodlsjhfUITests */,
			);
		};
/* End PBXProject section */

/* Begin PBXResourcesBuildPhase section */
		5CED69071DA63EC9005D673F /* Resources */ = {
			isa = PBXResourcesBuildPhase;
			buildActionMask = 2147483647;
			files = (
				5CED69171DA63EC9005D673F /* LaunchScreen.storyboard in Resources */,
				5CED69141DA63EC9005D673F /* Assets.xcassets in Resources */,
				5CED69121DA63EC9005D673F /* Main.storyboard in Resources */,
			);
			runOnlyForDeploymentPostprocessing = 0;
		};
		5CED691B1DA63EC9005D673F /* Resources */ = {
			isa = PBXResourcesBuildPhase;
			buildActionMask = 2147483647;
			files = (
			);
			runOnlyForDeploymentPostprocessing = 0;
		};
		5CED69261DA63EC9005D673F /* Resources */ = {
			isa = PBXResourcesBuildPhase;
			buildActionMask = 2147483647;
			files = (
			);
			runOnlyForDeploymentPostprocessing = 0;
		};
/* End PBXResourcesBuildPhase section */

/* Begin PBXSourcesBuildPhase section */
		5CED69051DA63EC9005D673F /* Sources */ = {
			isa = PBXSourcesBuildPhase;
			buildActionMask = 2147483647;
			files = (
				5CED690F1DA63EC9005D673F /* ViewController.swift in Sources */,
				5CED690D1DA63EC9005D673F /* AppDelegate.swift in Sources */,
			);
			runOnlyForDeploymentPostprocessing = 0;
		};
		5CED69191DA63EC9005D673F /* Sources */ = {
			isa = PBXSourcesBuildPhase;
			buildActionMask = 2147483647;
			files = (
				5CED69221DA63EC9005D673F /* ytaodlsjhfTests.swift in Sources */,
			);
			runOnlyForDeploymentPostprocessing = 0;
		};
		5CED69241DA63EC9005D673F /* Sources */ = {
			isa = PBXSourcesBuildPhase;
			buildActionMask = 2147483647;
			files = (
				5CED692D1DA63EC9005D673F /* ytaodlsjhfUITests.swift in Sources */,
			);
			runOnlyForDeploymentPostprocessing = 0;
		};
/* End PBXSourcesBuildPhase section */

/* Begin PBXTargetDependency section */
		5CED691F1DA63EC9005D673F /* PBXTargetDependency */ = {
			isa = PBXTargetDependency;
			target = 5CED69081DA63EC9005D673F /* ytaodlsjhf */;
			targetProxy = 5CED691E1DA63EC9005D673F /* PBXContainerItemProxy */;
		};
		5CED692A1DA63EC9005D673F /* PBXTargetDependency */ = {
			isa = PBXTargetDependency;
			target = 5CED69081DA63EC9005D673F /* ytaodlsjhf */;
			targetProxy = 5CED69291DA63EC9005D673F /* PBXContainerItemProxy */;
		};
/* End PBXTargetDependency section */

/* Begin PBXVariantGroup section */
		5CED69101DA63EC9005D673F /* Main.storyboard */ = {
			isa = PBXVariantGroup;
			children = (
				5CED69111DA63EC9005D673F /* Base */,
			);
			name = Main.storyboard;
			sourceTree = "<group>";
		};
		5CED69151DA63EC9005D673F /* LaunchScreen.storyboard */ = {
			isa = PBXVariantGroup;
			children = (
				5CED69161DA63EC9005D673F /* Base */,
			);
			name = LaunchScreen.storyboard;
			sourceTree = "<group>";
		};
/* End PBXVariantGroup section */

/* Begin XCBuildConfiguration section */
		5CED692F1DA63EC9005D673F /* Debug */ = {
			isa = XCBuildConfiguration;
			buildSettings = {
				ALWAYS_SEARCH_USER_PATHS = NO;
				CLANG_ANALYZER_NONNULL = YES;
				CLANG_CXX_LANGUAGE_STANDARD = "gnu++0x";
				CLANG_CXX_LIBRARY = "libc++";
				CLANG_ENABLE_MODULES = YES;
				CLANG_ENABLE_OBJC_ARC = YES;
				CLANG_WARN_BOOL_CONVERSION = YES;
				CLANG_WARN_CONSTANT_CONVERSION = YES;
				CLANG_WARN_DIRECT_OBJC_ISA_USAGE = YES_ERROR;
				CLANG_WARN_DOCUMENTATION_COMMENTS = YES;
				CLANG_WARN_EMPTY_BODY = YES;
				CLANG_WARN_ENUM_CONVERSION = YES;
				CLANG_WARN_INFINITE_RECURSION = YES;
				CLANG_WARN_INT_CONVERSION = YES;
				CLANG_WARN_OBJC_ROOT_CLASS = YES_ERROR;
				CLANG_WARN_SUSPICIOUS_MOVES = YES;
				CLANG_WARN_UNREACHABLE_CODE = YES;
				CLANG_WARN__DUPLICATE_METHOD_MATCH = YES;
				"CODE_SIGN_IDENTITY[sdk=iphoneos*]" = "iPhone Developer";
				COPY_PHASE_STRIP = NO;
				DEBUG_INFORMATION_FORMAT = dwarf;
				ENABLE_STRICT_OBJC_MSGSEND = YES;
				ENABLE_TESTABILITY = YES;
				GCC_C_LANGUAGE_STANDARD = gnu99;
				GCC_DYNAMIC_NO_PIC = NO;
				GCC_NO_COMMON_BLOCKS = YES;
				GCC_OPTIMIZATION_LEVEL = 0;
				GCC_PREPROCESSOR_DEFINITIONS = (
					"DEBUG=1",
					"$(inherited)",
				);
				GCC_WARN_64_TO_32_BIT_CONVERSION = YES;
				GCC_WARN_ABOUT_RETURN_TYPE = YES_ERROR;
				GCC_WARN_UNDECLARED_SELECTOR = YES;
				GCC_WARN_UNINITIALIZED_AUTOS = YES_AGGRESSIVE;
				GCC_WARN_UNUSED_FUNCTION = YES;
				GCC_WARN_UNUSED_VARIABLE = YES;
				IPHONEOS_DEPLOYMENT_TARGET = 10.0;
				MTL_ENABLE_DEBUG_INFO = YES;
				ONLY_ACTIVE_ARCH = YES;
				SDKROOT = iphoneos;
				SWIFT_ACTIVE_COMPILATION_CONDITIONS = DEBUG;
				SWIFT_OPTIMIZATION_LEVEL = "-Onone";
				TARGETED_DEVICE_FAMILY = "1,2";
			};
			name = Debug;
		};
		5CED69301DA63EC9005D673F /* Release */ = {
			isa = XCBuildConfiguration;
			buildSettings = {
				ALWAYS_SEARCH_USER_PATHS = NO;
				CLANG_ANALYZER_NONNULL = YES;
				CLANG_CXX_LANGUAGE_STANDARD = "gnu++0x";
				CLANG_CXX_LIBRARY = "libc++";
				CLANG_ENABLE_MODULES = YES;
				CLANG_ENABLE_OBJC_ARC = YES;
				CLANG_WARN_BOOL_CONVERSION = YES;
				CLANG_WARN_CONSTANT_CONVERSION = YES;
				CLANG_WARN_DIRECT_OBJC_ISA_USAGE = YES_ERROR;
				CLANG_WARN_DOCUMENTATION_COMMENTS = YES;
				CLANG_WARN_EMPTY_BODY = YES;
				CLANG_WARN_ENUM_CONVERSION = YES;
				CLANG_WARN_INFINITE_RECURSION = YES;
				CLANG_WARN_INT_CONVERSION = YES;
				CLANG_WARN_OBJC_ROOT_CLASS = YES_ERROR;
				CLANG_WARN_SUSPICIOUS_MOVES = YES;
				CLANG_WARN_UNREACHABLE_CODE = YES;
				CLANG_WARN__DUPLICATE_METHOD_MATCH = YES;
				"CODE_SIGN_IDENTITY[sdk=iphoneos*]" = "iPhone Developer";
				COPY_PHASE_STRIP = NO;
				DEBUG_INFORMATION_FORMAT = "dwarf-with-dsym";
				ENABLE_NS_ASSERTIONS = NO;
				ENABLE_STRICT_OBJC_MSGSEND = YES;
				GCC_C_LANGUAGE_STANDARD = gnu99;
				GCC_NO_COMMON_BLOCKS = YES;
				GCC_WARN_64_TO_32_BIT_CONVERSION = YES;
				GCC_WARN_ABOUT_RETURN_TYPE = YES_ERROR;
				GCC_WARN_UNDECLARED_SELECTOR = YES;
				GCC_WARN_UNINITIALIZED_AUTOS = YES_AGGRESSIVE;
				GCC_WARN_UNUSED_FUNCTION = YES;
				GCC_WARN_UNUSED_VARIABLE = YES;
				IPHONEOS_DEPLOYMENT_TARGET = 10.0;
				MTL_ENABLE_DEBUG_INFO = NO;
				SDKROOT = iphoneos;
				SWIFT_OPTIMIZATION_LEVEL = "-Owholemodule";
				TARGETED_DEVICE_FAMILY = "1,2";
				VALIDATE_PRODUCT = YES;
			};
			name = Release;
		};
		5CED69321DA63EC9005D673F /* Debug */ = {
			isa = XCBuildConfiguration;
			buildSettings = {
				ASSETCATALOG_COMPILER_APPICON_NAME = AppIcon;
				DEVELOPMENT_TEAM = 67KARKTY8C;
				INFOPLIST_FILE = ytaodlsjhf/Info.plist;
				LD_RUNPATH_SEARCH_PATHS = "$(inherited) @executable_path/Frameworks";
				PRODUCT_BUNDLE_IDENTIFIER = Project.ytaodlsjhf;
				PRODUCT_NAME = "$(TARGET_NAME)";
				SWIFT_VERSION = 3.0;
			};
			name = Debug;
		};
		5CED69331DA63EC9005D673F /* Release */ = {
			isa = XCBuildConfiguration;
			buildSettings = {
				ASSETCATALOG_COMPILER_APPICON_NAME = AppIcon;
				DEVELOPMENT_TEAM = 67KARKTY8C;
				INFOPLIST_FILE = ytaodlsjhf/Info.plist;
				LD_RUNPATH_SEARCH_PATHS = "$(inherited) @executable_path/Frameworks";
				PRODUCT_BUNDLE_IDENTIFIER = Project.ytaodlsjhf;
				PRODUCT_NAME = "$(TARGET_NAME)";
				SWIFT_VERSION = 3.0;
			};
			name = Release;
		};
		5CED69351DA63EC9005D673F /* Debug */ = {
			isa = XCBuildConfiguration;
			buildSettings = {
				ALWAYS_EMBED_SWIFT_STANDARD_LIBRARIES = YES;
				BUNDLE_LOADER = "$(TEST_HOST)";
				DEVELOPMENT_TEAM = 67KARKTY8C;
				INFOPLIST_FILE = ytaodlsjhfTests/Info.plist;
				LD_RUNPATH_SEARCH_PATHS = "$(inherited) @executable_path/Frameworks @loader_path/Frameworks";
				PRODUCT_BUNDLE_IDENTIFIER = Project.ytaodlsjhfTests;
				PRODUCT_NAME = "$(TARGET_NAME)";
				SWIFT_VERSION = 3.0;
				TEST_HOST = "$(BUILT_PRODUCTS_DIR)/ytaodlsjhf.app/ytaodlsjhf";
			};
			name = Debug;
		};
		5CED69361DA63EC9005D673F /* Release */ = {
			isa = XCBuildConfiguration;
			buildSettings = {
				ALWAYS_EMBED_SWIFT_STANDARD_LIBRARIES = YES;
				BUNDLE_LOADER = "$(TEST_HOST)";
				DEVELOPMENT_TEAM = 67KARKTY8C;
				INFOPLIST_FILE = ytaodlsjhfTests/Info.plist;
				LD_RUNPATH_SEARCH_PATHS = "$(inherited) @executable_path/Frameworks @loader_path/Frameworks";
				PRODUCT_BUNDLE_IDENTIFIER = Project.ytaodlsjhfTests;
				PRODUCT_NAME = "$(TARGET_NAME)";
				SWIFT_VERSION = 3.0;
				TEST_HOST = "$(BUILT_PRODUCTS_DIR)/ytaodlsjhf.app/ytaodlsjhf";
			};
			name = Release;
		};
		5CED69381DA63EC9005D673F /* Debug */ = {
			isa = XCBuildConfiguration;
			buildSettings = {
				ALWAYS_EMBED_SWIFT_STANDARD_LIBRARIES = YES;
				DEVELOPMENT_TEAM = 67KARKTY8C;
				INFOPLIST_FILE = ytaodlsjhfUITests/Info.plist;
				LD_RUNPATH_SEARCH_PATHS = "$(inherited) @executable_path/Frameworks @loader_path/Frameworks";
				PRODUCT_BUNDLE_IDENTIFIER = Project.ytaodlsjhfUITests;
				PRODUCT_NAME = "$(TARGET_NAME)";
				SWIFT_VERSION = 3.0;
				TEST_TARGET_NAME = ytaodlsjhf;
			};
			name = Debug;
		};
		5CED69391DA63EC9005D673F /* Release */ = {
			isa = XCBuildConfiguration;
			buildSettings = {
				ALWAYS_EMBED_SWIFT_STANDARD_LIBRARIES = YES;
				DEVELOPMENT_TEAM = 67KARKTY8C;
				INFOPLIST_FILE = ytaodlsjhfUITests/Info.plist;
				LD_RUNPATH_SEARCH_PATHS = "$(inherited) @executable_path/Frameworks @loader_path/Frameworks";
				PRODUCT_BUNDLE_IDENTIFIER = Project.ytaodlsjhfUITests;
				PRODUCT_NAME = "$(TARGET_NAME)";
				SWIFT_VERSION = 3.0;
				TEST_TARGET_NAME = ytaodlsjhf;
			};
			name = Release;
		};
/* End XCBuildConfiguration section */

/* Begin XCConfigurationList section */
		5CED69041DA63EC9005D673F /* Build configuration list for PBXProject "ytaodlsjhf" */ = {
			isa = XCConfigurationList;
			buildConfigurations = (
				5CED692F1DA63EC9005D673F /* Debug */,
				5CED69301DA63EC9005D673F /* Release */,
			);
			defaultConfigurationIsVisible = 0;
			defaultConfigurationName = Release;
		};
		5CED69311DA63EC9005D673F /* Build configuration list for PBXNativeTarget "ytaodlsjhf" */ = {
			isa = XCConfigurationList;
			buildConfigurations = (
				5CED69321DA63EC9005D673F /* Debug */,
				5CED69331DA63EC9005D673F /* Release */,
			);
			defaultConfigurationIsVisible = 0;
		};
		5CED69341DA63EC9005D673F /* Build configuration list for PBXNativeTarget "ytaodlsjhfTests" */ = {
			isa = XCConfigurationList;
			buildConfigurations = (
				5CED69351DA63EC9005D673F /* Debug */,
				5CED69361DA63EC9005D673F /* Release */,
			);
			defaultConfigurationIsVisible = 0;
		};
		5CED69371DA63EC9005D673F /* Build configuration list for PBXNativeTarget "ytaodlsjhfUITests" */ = {
			isa = XCConfigurationList;
			buildConfigurations = (
				5CED69381DA63EC9005D673F /* Debug */,
				5CED69391DA63EC9005D673F /* Release */,
			);
			defaultConfigurationIsVisible = 0;
		};
/* End XCConfigurationList section */
	};
	rootObject = 5CED69011DA63EC9005D673F /* Project object */;
}
